{
    "_readme": [
        "This file locks the dependencies of your project to a known state",
        "Read more about it at https://getcomposer.org/doc/01-basic-usage.md#composer-lock-the-lock-file",
        "This file is @generated automatically"
    ],
    "content-hash": "0c9d1f726ee35e607f1b54b87d7f93fe",
    "packages": [
        {
            "name": "fkooman/php-lib-json",
            "version": "0.3.0",
            "source": {
                "type": "git",
                "url": "https://github.com/fkooman/php-lib-json.git",
                "reference": "eb64350e01d8a3c11d70d82374ac1bb35a44b7c9"
            },
            "dist": {
                "type": "zip",
                "url": "https://api.github.com/repos/fkooman/php-lib-json/zipball/eb64350e01d8a3c11d70d82374ac1bb35a44b7c9",
                "reference": "eb64350e01d8a3c11d70d82374ac1bb35a44b7c9",
                "shasum": ""
            },
            "require": {
                "php": ">=5.3.0"
            },
            "type": "library",
            "autoload": {
                "psr-0": {
                    "fkooman\\Json\\": "src/"
                }
            },
            "notification-url": "https://packagist.org/downloads/",
            "license": [
                "Apache-2.0"
            ],
            "authors": [
                {
                    "name": "François Kooman",
                    "email": "fkooman@tuxed.net",
                    "role": "Developer"
                }
            ],
            "description": "PHP library to encode and decode JSON",
            "abandoned": "fkooman/json",
            "time": "2013-11-07T15:48:53+00:00"
        },
        {
            "name": "fkooman/php-lib-rest",
            "version": "0.3.1",
            "source": {
                "type": "git",
                "url": "https://github.com/fkooman/php-lib-rest.git",
                "reference": "c3cf128e4878173b392ca577a65a2c36476f6565"
            },
            "dist": {
                "type": "zip",
                "url": "https://api.github.com/repos/fkooman/php-lib-rest/zipball/c3cf128e4878173b392ca577a65a2c36476f6565",
                "reference": "c3cf128e4878173b392ca577a65a2c36476f6565",
                "shasum": ""
            },
            "require": {
                "fkooman/php-lib-json": "0.3.*",
                "php": ">=5.3.3"
            },
            "require-dev": {
                "sami/sami": "v1.1"
            },
            "type": "library",
            "autoload": {
                "psr-0": {
                    "fkooman\\Http\\": "src/",
                    "fkooman\\Rest\\": "src/"
                }
            },
            "notification-url": "https://packagist.org/downloads/",
            "license": [
                "Apache-2.0"
            ],
            "authors": [
                {
                    "name": "François Kooman",
                    "email": "fkooman@tuxed.net",
                    "role": "Developer"
                }
            ],
            "description": "Simple PHP library for writing REST services.",
            "abandoned": "fkooman/rest",
            "time": "2013-11-12T13:32:42+00:00"
        }
    ],
    "packages-dev": [],
    "aliases": [],
    "minimum-stability": "stable",
    "stability-flags": [],
    "prefer-stable": false,
    "prefer-lowest": false,
    "platform": {
        "ext-ldap": "*",
        "php": ">=5.3.3"
    },
    "platform-dev": []
}
