{
    "_readme": [
        "This file locks the dependencies of your project to a known state",
        "Read more about it at http://getcomposer.org/doc/01-basic-usage.md#composer-lock-the-lock-file"
    ],
    "hash": "68d59e3afed9562677fb42782609f17c",
    "packages": [
        {
            "name": "fkooman/php-lib-config",
            "version": "0.2.0",
            "source": {
                "type": "git",
                "url": "https://github.com/fkooman/php-lib-config.git",
                "reference": "6ca3ad575728302621c9bd67ba75eb2048a3c5ca"
            },
            "dist": {
                "type": "zip",
                "url": "https://api.github.com/repos/fkooman/php-lib-config/zipball/6ca3ad575728302621c9bd67ba75eb2048a3c5ca",
                "reference": "6ca3ad575728302621c9bd67ba75eb2048a3c5ca",
                "shasum": ""
            },
            "require": {
                "fkooman/php-lib-json": "0.1.0",
                "php": ">=5.3.3",
                "symfony/yaml": "2.3.*"
            },
            "type": "library",
            "autoload": {
                "psr-0": {
                    "fkooman\\Config\\": "src/"
                }
            },
            "notification-url": "https://packagist.org/downloads/",
            "license": [
                "Apache-2.0"
            ],
            "authors": [
                {
                    "name": "François Kooman",
                    "email": "fkooman@tuxed.net",
                    "role": "Developer"
                }
            ],
            "description": "PHP library to handle YAML, INI and JSON configuration files",
            "time": "2013-08-09 14:13:52"
        },
        {
            "name": "fkooman/php-lib-json",
            "version": "0.1.0",
            "source": {
                "type": "git",
                "url": "https://github.com/fkooman/php-lib-json.git",
                "reference": "6aa1c9e6bc411eac8dfc38912e316114d12e8ff6"
            },
            "dist": {
                "type": "zip",
                "url": "https://api.github.com/repos/fkooman/php-lib-json/zipball/6aa1c9e6bc411eac8dfc38912e316114d12e8ff6",
                "reference": "6aa1c9e6bc411eac8dfc38912e316114d12e8ff6",
                "shasum": ""
            },
            "require": {
                "php": ">=5.3.0"
            },
            "type": "library",
            "autoload": {
                "psr-0": {
                    "fkooman\\Json\\": "src/"
                }
            },
            "notification-url": "https://packagist.org/downloads/",
            "license": [
                "Apache-2.0"
            ],
            "authors": [
                {
                    "name": "François Kooman",
                    "email": "fkooman@tuxed.net",
                    "role": "Developer"
                }
            ],
            "description": "PHP library to encode and decode JSON",
            "time": "2013-05-30 12:04:47"
        },
        {
            "name": "fkooman/php-lib-rest",
            "version": "0.1.0",
            "source": {
                "type": "git",
                "url": "https://github.com/fkooman/php-lib-rest.git",
                "reference": "c88b521cf55876b1ee0d983631debe27ffdd3939"
            },
            "dist": {
                "type": "zip",
                "url": "https://api.github.com/repos/fkooman/php-lib-rest/zipball/c88b521cf55876b1ee0d983631debe27ffdd3939",
                "reference": "c88b521cf55876b1ee0d983631debe27ffdd3939",
                "shasum": ""
            },
            "require": {
                "php": ">=5.3.3"
            },
            "type": "library",
            "autoload": {
                "psr-0": {
                    "fkooman\\Http\\": "src/"
                }
            },
            "notification-url": "https://packagist.org/downloads/",
            "license": [
                "Apache-2.0"
            ],
            "authors": [
                {
                    "name": "François Kooman",
                    "email": "fkooman@tuxed.net",
                    "role": "Developer"
                }
            ],
            "description": "Simple PHP library for writing REST applications.",
            "time": "2013-09-15 15:08:18"
        },
        {
            "name": "symfony/yaml",
            "version": "v2.3.4",
            "target-dir": "Symfony/Component/Yaml",
            "source": {
                "type": "git",
                "url": "https://github.com/symfony/Yaml.git",
                "reference": "5a279f1b5f5e1045a6c432354d9ea727ff3a9847"
            },
            "dist": {
                "type": "zip",
                "url": "https://api.github.com/repos/symfony/Yaml/zipball/5a279f1b5f5e1045a6c432354d9ea727ff3a9847",
                "reference": "5a279f1b5f5e1045a6c432354d9ea727ff3a9847",
                "shasum": ""
            },
            "require": {
                "php": ">=5.3.3"
            },
            "type": "library",
            "extra": {
                "branch-alias": {
                    "dev-master": "2.3-dev"
                }
            },
            "autoload": {
                "psr-0": {
                    "Symfony\\Component\\Yaml\\": ""
                }
            },
            "notification-url": "https://packagist.org/downloads/",
            "license": [
                "MIT"
            ],
            "authors": [
                {
                    "name": "Fabien Potencier",
                    "email": "fabien@symfony.com"
                },
                {
                    "name": "Symfony Community",
                    "homepage": "http://symfony.com/contributors"
                }
            ],
            "description": "Symfony Yaml Component",
            "homepage": "http://symfony.com",
            "time": "2013-08-24 15:26:22"
        }
    ],
    "packages-dev": [

    ],
    "aliases": [

    ],
    "minimum-stability": "stable",
    "stability-flags": [

    ],
    "platform": {
        "php": ">=5.3.3"
    },
    "platform-dev": [

    ]
}
