{
    "_readme": [
        "This file locks the dependencies of your project to a known state",
        "Read more about it at https://getcomposer.org/doc/01-basic-usage.md#composer-lock-the-lock-file",
        "This file is @generated automatically"
    ],
    "content-hash": "0d84b56a13144c05011409b106fd1812",
    "packages": [],
    "packages-dev": [],
    "aliases": [],
    "minimum-stability": "stable",
    "stability-flags": [],
    "prefer-stable": false,
    "prefer-lowest": false,
    "platform": {
        "ext-filter": "*",
        "ext-json": "*",
        "ext-ldap": "*",
        "ext-pcre": "*",
        "ext-pdo": "*",
        "ext-spl": "*",
        "php": ">=5.4"
    },
    "platform-dev": []
}
